
Microsoft Visual Studio Solution File, Format Version 12.00
# Visual Studio 15
Project("{FAE04EC0-301F-11D3-BF4B-00C04F79EFBC}") = "PDF_Barcodes", "PDF_Barcodes\PDF_Barcodes.csproj", "{9DF7D90B-6182-457D-95EA-CA629F82776C}"
EndProject
Global
	GlobalSection(SolutionConfigurationPlatforms) = preSolution
		Debug|Any CPU = Debug|Any CPU
		Release|Any CPU = Release|Any CPU
	EndGlobalSection
	GlobalSection(ProjectConfigurationPlatforms) = postSolution
		{9DF7D90B-6182-457D-95EA-CA629F82776C}.Debug|Any CPU.ActiveCfg = Debug|Any CPU
		{9DF7D90B-6182-457D-95EA-CA629F82776C}.Debug|Any CPU.Build.0 = Debug|Any CPU
		{9DF7D90B-6182-457D-95EA-CA629F82776C}.Release|Any CPU.ActiveCfg = Release|Any CPU
		{9DF7D90B-6182-457D-95EA-CA629F82776C}.Release|Any CPU.Build.0 = Release|Any CPU
	EndGlobalSection
EndGlobal
